
Microsoft Visual Studio Solution File, Format Version 12.00
# Visual Studio Version 17
VisualStudioVersion = 17.12.35707.178 d17.12
MinimumVisualStudioVersion = 10.0.40219.1
Project("{FAE04EC0-301F-11D3-BF4B-00C04F79EFBC}") = "EMPS_PORTAL", "EMPS_PORTAL.csproj", "{A367CF9B-7FEB-4DB3-9123-7AFF475DB71A}"
EndProject
Global
	GlobalSection(SolutionConfigurationPlatforms) = preSolution
		Debug|Any CPU = Debug|Any CPU
		Release|Any CPU = Release|Any CPU
	EndGlobalSection
	GlobalSection(ProjectConfigurationPlatforms) = postSolution
		{A367CF9B-7FEB-4DB3-9123-7AFF475DB71A}.Debug|Any CPU.ActiveCfg = Debug|Any CPU
		{A367CF9B-7FEB-4DB3-9123-7AFF475DB71A}.Debug|Any CPU.Build.0 = Debug|Any CPU
		{A367CF9B-7FEB-4DB3-9123-7AFF475DB71A}.Release|Any CPU.ActiveCfg = Release|Any CPU
		{A367CF9B-7FEB-4DB3-9123-7AFF475DB71A}.Release|Any CPU.Build.0 = Release|Any CPU
	EndGlobalSection
	GlobalSection(SolutionProperties) = preSolution
		HideSolutionNode = FALSE
	EndGlobalSection
EndGlobal
